{
  "name": "betting-exchange-contracts",
  "version": "1.0.0",
  "lockfileVersion": 3,
  "requires": true,
  "packages": {
    "": {
      "name": "betting-exchange-contracts",
      "version": "1.0.0",
      "license": "ISC"
    },
    "node_modules/.pnpm/@openzeppelin+contracts@4.9.3/node_modules/@openzeppelin/contracts": {
      "version": "4.9.3",
      "extraneous": true,
      "license": "MIT"
    }
  }
}
